// !$*UTF8*$!
{
	archiveVersion = 1;
	classes = {
	};
	objectVersion = 50;
	objects = {

/* Begin PBXBuildFile section */
		5225CD10268B067500B1AD3B /* main.swift in Sources */ = {isa = PBXBuildFile; fileRef = 5225CD0F268B067500B1AD3B /* main.swift */; };
		5225CD18268B072600B1AD3B /* Offer47礼物的最大价值.swift in Sources */ = {isa = PBXBuildFile; fileRef = 5225CD17268B072600B1AD3B /* Offer47礼物的最大价值.swift */; };
		5225CD1A268C1FD600B1AD3B /* 121买卖股票的最佳时机.swift in Sources */ = {isa = PBXBuildFile; fileRef = 5225CD19268C1FD600B1AD3B /* 121买卖股票的最佳时机.swift */; };
		5225CD1C268C425400B1AD3B /* 64最小路径和.swift in Sources */ = {isa = PBXBuildFile; fileRef = 5225CD1B268C425400B1AD3B /* 64最小路径和.swift */; };
		5225CD1E268C4FE000B1AD3B /* 62不同路径.swift in Sources */ = {isa = PBXBuildFile; fileRef = 5225CD1D268C4FE000B1AD3B /* 62不同路径.swift */; };
		5225CD20268C666F00B1AD3B /* 5最长回文子串.swift in Sources */ = {isa = PBXBuildFile; fileRef = 5225CD1F268C666F00B1AD3B /* 5最长回文子串.swift */; };
		5225CD23268D9F2600B1AD3B /* 236二叉树的最近公共祖先.swift in Sources */ = {isa = PBXBuildFile; fileRef = 5225CD22268D9F2600B1AD3B /* 236二叉树的最近公共祖先.swift */; };
		5225CD25268DAF7700B1AD3B /* 99恢复二叉搜索树.swift in Sources */ = {isa = PBXBuildFile; fileRef = 5225CD24268DAF7700B1AD3B /* 99恢复二叉搜索树.swift */; };
		5254F6CB26931A1F00FA5333 /* 160相交链表.swift in Sources */ = {isa = PBXBuildFile; fileRef = 5254F6CA26931A1F00FA5333 /* 160相交链表.swift */; };
		527B7F0A268EAEC20075F29A /* 88合并两个有序数组.swift in Sources */ = {isa = PBXBuildFile; fileRef = 527B7F09268EAEC20075F29A /* 88合并两个有序数组.swift */; };
		527B7F0C268EB5820075F29A /* 75颜色分类.swift in Sources */ = {isa = PBXBuildFile; fileRef = 527B7F0B268EB5820075F29A /* 75颜色分类.swift */; };
		527B7F0E268EB9270075F29A /* 面试题16_16部分排序.swift in Sources */ = {isa = PBXBuildFile; fileRef = 527B7F0D268EB9270075F29A /* 面试题16_16部分排序.swift */; };
		527B7F10268EC0C00075F29A /* 977有序数组的平方.swift in Sources */ = {isa = PBXBuildFile; fileRef = 527B7F0F268EC0C00075F29A /* 977有序数组的平方.swift */; };
		527B7F13268F19440075F29A /* 203移除链表元素.swift in Sources */ = {isa = PBXBuildFile; fileRef = 527B7F12268F19440075F29A /* 203移除链表元素.swift */; };
		527B7F15268F2E920075F29A /* 2两数相加.swift in Sources */ = {isa = PBXBuildFile; fileRef = 527B7F14268F2E920075F29A /* 2两数相加.swift */; };
		52878A3826941E3A0019A436 /* 86分隔链表.swift in Sources */ = {isa = PBXBuildFile; fileRef = 52878A3726941E3A0019A436 /* 86分隔链表.swift */; };
		52878A3A269422590019A436 /* 234回文链表.swift in Sources */ = {isa = PBXBuildFile; fileRef = 52878A39269422590019A436 /* 234回文链表.swift */; };
/* End PBXBuildFile section */

/* Begin PBXCopyFilesBuildPhase section */
		5225CD0A268B067500B1AD3B /* CopyFiles */ = {
			isa = PBXCopyFilesBuildPhase;
			buildActionMask = 2147483647;
			dstPath = /usr/share/man/man1/;
			dstSubfolderSpec = 0;
			files = (
			);
			runOnlyForDeploymentPostprocessing = 1;
		};
/* End PBXCopyFilesBuildPhase section */

/* Begin PBXFileReference section */
		5225CD0C268B067500B1AD3B /* swiftLeetCode */ = {isa = PBXFileReference; explicitFileType = "compiled.mach-o.executable"; includeInIndex = 0; path = swiftLeetCode; sourceTree = BUILT_PRODUCTS_DIR; };
		5225CD0F268B067500B1AD3B /* main.swift */ = {isa = PBXFileReference; lastKnownFileType = sourcecode.swift; path = main.swift; sourceTree = "<group>"; };
		5225CD17268B072600B1AD3B /* Offer47礼物的最大价值.swift */ = {isa = PBXFileReference; lastKnownFileType = sourcecode.swift; path = "Offer47礼物的最大价值.swift"; sourceTree = "<group>"; };
		5225CD19268C1FD600B1AD3B /* 121买卖股票的最佳时机.swift */ = {isa = PBXFileReference; lastKnownFileType = sourcecode.swift; path = "121买卖股票的最佳时机.swift"; sourceTree = "<group>"; };
		5225CD1B268C425400B1AD3B /* 64最小路径和.swift */ = {isa = PBXFileReference; lastKnownFileType = sourcecode.swift; path = "64最小路径和.swift"; sourceTree = "<group>"; };
		5225CD1D268C4FE000B1AD3B /* 62不同路径.swift */ = {isa = PBXFileReference; lastKnownFileType = sourcecode.swift; path = "62不同路径.swift"; sourceTree = "<group>"; };
		5225CD1F268C666F00B1AD3B /* 5最长回文子串.swift */ = {isa = PBXFileReference; lastKnownFileType = sourcecode.swift; path = "5最长回文子串.swift"; sourceTree = "<group>"; };
		5225CD22268D9F2600B1AD3B /* 236二叉树的最近公共祖先.swift */ = {isa = PBXFileReference; lastKnownFileType = sourcecode.swift; path = "236二叉树的最近公共祖先.swift"; sourceTree = "<group>"; };
		5225CD24268DAF7700B1AD3B /* 99恢复二叉搜索树.swift */ = {isa = PBXFileReference; lastKnownFileType = sourcecode.swift; path = "99恢复二叉搜索树.swift"; sourceTree = "<group>"; };
		5254F6CA26931A1F00FA5333 /* 160相交链表.swift */ = {isa = PBXFileReference; lastKnownFileType = sourcecode.swift; path = "160相交链表.swift"; sourceTree = "<group>"; };
		527B7F09268EAEC20075F29A /* 88合并两个有序数组.swift */ = {isa = PBXFileReference; lastKnownFileType = sourcecode.swift; path = "88合并两个有序数组.swift"; sourceTree = "<group>"; };
		527B7F0B268EB5820075F29A /* 75颜色分类.swift */ = {isa = PBXFileReference; lastKnownFileType = sourcecode.swift; path = "75颜色分类.swift"; sourceTree = "<group>"; };
		527B7F0D268EB9270075F29A /* 面试题16_16部分排序.swift */ = {isa = PBXFileReference; lastKnownFileType = sourcecode.swift; path = "面试题16_16部分排序.swift"; sourceTree = "<group>"; };
		527B7F0F268EC0C00075F29A /* 977有序数组的平方.swift */ = {isa = PBXFileReference; lastKnownFileType = sourcecode.swift; path = "977有序数组的平方.swift"; sourceTree = "<group>"; };
		527B7F12268F19440075F29A /* 203移除链表元素.swift */ = {isa = PBXFileReference; lastKnownFileType = sourcecode.swift; path = "203移除链表元素.swift"; sourceTree = "<group>"; };
		527B7F14268F2E920075F29A /* 2两数相加.swift */ = {isa = PBXFileReference; lastKnownFileType = sourcecode.swift; path = "2两数相加.swift"; sourceTree = "<group>"; };
		52878A3726941E3A0019A436 /* 86分隔链表.swift */ = {isa = PBXFileReference; lastKnownFileType = sourcecode.swift; path = "86分隔链表.swift"; sourceTree = "<group>"; };
		52878A39269422590019A436 /* 234回文链表.swift */ = {isa = PBXFileReference; lastKnownFileType = sourcecode.swift; path = "234回文链表.swift"; sourceTree = "<group>"; };
/* End PBXFileReference section */

/* Begin PBXFrameworksBuildPhase section */
		5225CD09268B067500B1AD3B /* Frameworks */ = {
			isa = PBXFrameworksBuildPhase;
			buildActionMask = 2147483647;
			files = (
			);
			runOnlyForDeploymentPostprocessing = 0;
		};
/* End PBXFrameworksBuildPhase section */

/* Begin PBXGroup section */
		5225CD03268B067500B1AD3B = {
			isa = PBXGroup;
			children = (
				527B7F11268F192C0075F29A /* LinkedList */,
				527B7F08268EAEA10075F29A /* ArraySort */,
				5225CD21268D9EAA00B1AD3B /* BinaryTree */,
				5225CD16268B06D000B1AD3B /* DynamicProgramming */,
				5225CD0E268B067500B1AD3B /* swiftLeetCode */,
				5225CD0D268B067500B1AD3B /* Products */,
			);
			sourceTree = "<group>";
		};
		5225CD0D268B067500B1AD3B /* Products */ = {
			isa = PBXGroup;
			children = (
				5225CD0C268B067500B1AD3B /* swiftLeetCode */,
			);
			name = Products;
			sourceTree = "<group>";
		};
		5225CD0E268B067500B1AD3B /* swiftLeetCode */ = {
			isa = PBXGroup;
			children = (
				5225CD0F268B067500B1AD3B /* main.swift */,
			);
			path = swiftLeetCode;
			sourceTree = "<group>";
		};
		5225CD16268B06D000B1AD3B /* DynamicProgramming */ = {
			isa = PBXGroup;
			children = (
				5225CD17268B072600B1AD3B /* Offer47礼物的最大价值.swift */,
				5225CD19268C1FD600B1AD3B /* 121买卖股票的最佳时机.swift */,
				5225CD1B268C425400B1AD3B /* 64最小路径和.swift */,
				5225CD1D268C4FE000B1AD3B /* 62不同路径.swift */,
				5225CD1F268C666F00B1AD3B /* 5最长回文子串.swift */,
			);
			path = DynamicProgramming;
			sourceTree = "<group>";
		};
		5225CD21268D9EAA00B1AD3B /* BinaryTree */ = {
			isa = PBXGroup;
			children = (
				5225CD22268D9F2600B1AD3B /* 236二叉树的最近公共祖先.swift */,
				5225CD24268DAF7700B1AD3B /* 99恢复二叉搜索树.swift */,
			);
			path = BinaryTree;
			sourceTree = "<group>";
		};
		527B7F08268EAEA10075F29A /* ArraySort */ = {
			isa = PBXGroup;
			children = (
				527B7F09268EAEC20075F29A /* 88合并两个有序数组.swift */,
				527B7F0B268EB5820075F29A /* 75颜色分类.swift */,
				527B7F0D268EB9270075F29A /* 面试题16_16部分排序.swift */,
				527B7F0F268EC0C00075F29A /* 977有序数组的平方.swift */,
			);
			path = ArraySort;
			sourceTree = "<group>";
		};
		527B7F11268F192C0075F29A /* LinkedList */ = {
			isa = PBXGroup;
			children = (
				527B7F12268F19440075F29A /* 203移除链表元素.swift */,
				527B7F14268F2E920075F29A /* 2两数相加.swift */,
				5254F6CA26931A1F00FA5333 /* 160相交链表.swift */,
				52878A3726941E3A0019A436 /* 86分隔链表.swift */,
				52878A39269422590019A436 /* 234回文链表.swift */,
			);
			path = LinkedList;
			sourceTree = "<group>";
		};
/* End PBXGroup section */

/* Begin PBXNativeTarget section */
		5225CD0B268B067500B1AD3B /* swiftLeetCode */ = {
			isa = PBXNativeTarget;
			buildConfigurationList = 5225CD13268B067500B1AD3B /* Build configuration list for PBXNativeTarget "swiftLeetCode" */;
			buildPhases = (
				5225CD08268B067500B1AD3B /* Sources */,
				5225CD09268B067500B1AD3B /* Frameworks */,
				5225CD0A268B067500B1AD3B /* CopyFiles */,
			);
			buildRules = (
			);
			dependencies = (
			);
			name = swiftLeetCode;
			productName = swiftLeetCode;
			productReference = 5225CD0C268B067500B1AD3B /* swiftLeetCode */;
			productType = "com.apple.product-type.tool";
		};
/* End PBXNativeTarget section */

/* Begin PBXProject section */
		5225CD04268B067500B1AD3B /* Project object */ = {
			isa = PBXProject;
			attributes = {
				LastSwiftUpdateCheck = 1250;
				LastUpgradeCheck = 1250;
				TargetAttributes = {
					5225CD0B268B067500B1AD3B = {
						CreatedOnToolsVersion = 12.5;
					};
				};
			};
			buildConfigurationList = 5225CD07268B067500B1AD3B /* Build configuration list for PBXProject "swiftLeetCode" */;
			compatibilityVersion = "Xcode 9.3";
			developmentRegion = en;
			hasScannedForEncodings = 0;
			knownRegions = (
				en,
				Base,
			);
			mainGroup = 5225CD03268B067500B1AD3B;
			productRefGroup = 5225CD0D268B067500B1AD3B /* Products */;
			projectDirPath = "";
			projectRoot = "";
			targets = (
				5225CD0B268B067500B1AD3B /* swiftLeetCode */,
			);
		};
/* End PBXProject section */

/* Begin PBXSourcesBuildPhase section */
		5225CD08268B067500B1AD3B /* Sources */ = {
			isa = PBXSourcesBuildPhase;
			buildActionMask = 2147483647;
			files = (
				5225CD1C268C425400B1AD3B /* 64最小路径和.swift in Sources */,
				52878A3A269422590019A436 /* 234回文链表.swift in Sources */,
				5225CD1E268C4FE000B1AD3B /* 62不同路径.swift in Sources */,
				5225CD1A268C1FD600B1AD3B /* 121买卖股票的最佳时机.swift in Sources */,
				5225CD10268B067500B1AD3B /* main.swift in Sources */,
				527B7F0A268EAEC20075F29A /* 88合并两个有序数组.swift in Sources */,
				52878A3826941E3A0019A436 /* 86分隔链表.swift in Sources */,
				5225CD18268B072600B1AD3B /* Offer47礼物的最大价值.swift in Sources */,
				527B7F15268F2E920075F29A /* 2两数相加.swift in Sources */,
				527B7F10268EC0C00075F29A /* 977有序数组的平方.swift in Sources */,
				527B7F0E268EB9270075F29A /* 面试题16_16部分排序.swift in Sources */,
				527B7F0C268EB5820075F29A /* 75颜色分类.swift in Sources */,
				5225CD20268C666F00B1AD3B /* 5最长回文子串.swift in Sources */,
				527B7F13268F19440075F29A /* 203移除链表元素.swift in Sources */,
				5225CD23268D9F2600B1AD3B /* 236二叉树的最近公共祖先.swift in Sources */,
				5254F6CB26931A1F00FA5333 /* 160相交链表.swift in Sources */,
				5225CD25268DAF7700B1AD3B /* 99恢复二叉搜索树.swift in Sources */,
			);
			runOnlyForDeploymentPostprocessing = 0;
		};
/* End PBXSourcesBuildPhase section */

/* Begin XCBuildConfiguration section */
		5225CD11268B067500B1AD3B /* Debug */ = {
			isa = XCBuildConfiguration;
			buildSettings = {
				ALWAYS_SEARCH_USER_PATHS = NO;
				CLANG_ANALYZER_NONNULL = YES;
				CLANG_ANALYZER_NUMBER_OBJECT_CONVERSION = YES_AGGRESSIVE;
				CLANG_CXX_LANGUAGE_STANDARD = "gnu++14";
				CLANG_CXX_LIBRARY = "libc++";
				CLANG_ENABLE_MODULES = YES;
				CLANG_ENABLE_OBJC_ARC = YES;
				CLANG_ENABLE_OBJC_WEAK = YES;
				CLANG_WARN_BLOCK_CAPTURE_AUTORELEASING = YES;
				CLANG_WARN_BOOL_CONVERSION = YES;
				CLANG_WARN_COMMA = YES;
				CLANG_WARN_CONSTANT_CONVERSION = YES;
				CLANG_WARN_DEPRECATED_OBJC_IMPLEMENTATIONS = YES;
				CLANG_WARN_DIRECT_OBJC_ISA_USAGE = YES_ERROR;
				CLANG_WARN_DOCUMENTATION_COMMENTS = YES;
				CLANG_WARN_EMPTY_BODY = YES;
				CLANG_WARN_ENUM_CONVERSION = YES;
				CLANG_WARN_INFINITE_RECURSION = YES;
				CLANG_WARN_INT_CONVERSION = YES;
				CLANG_WARN_NON_LITERAL_NULL_CONVERSION = YES;
				CLANG_WARN_OBJC_IMPLICIT_RETAIN_SELF = YES;
				CLANG_WARN_OBJC_LITERAL_CONVERSION = YES;
				CLANG_WARN_OBJC_ROOT_CLASS = YES_ERROR;
				CLANG_WARN_QUOTED_INCLUDE_IN_FRAMEWORK_HEADER = YES;
				CLANG_WARN_RANGE_LOOP_ANALYSIS = YES;
				CLANG_WARN_STRICT_PROTOTYPES = YES;
				CLANG_WARN_SUSPICIOUS_MOVE = YES;
				CLANG_WARN_UNGUARDED_AVAILABILITY = YES_AGGRESSIVE;
				CLANG_WARN_UNREACHABLE_CODE = YES;
				CLANG_WARN__DUPLICATE_METHOD_MATCH = YES;
				COPY_PHASE_STRIP = NO;
				DEBUG_INFORMATION_FORMAT = dwarf;
				ENABLE_STRICT_OBJC_MSGSEND = YES;
				ENABLE_TESTABILITY = YES;
				GCC_C_LANGUAGE_STANDARD = gnu11;
				GCC_DYNAMIC_NO_PIC = NO;
				GCC_NO_COMMON_BLOCKS = YES;
				GCC_OPTIMIZATION_LEVEL = 0;
				GCC_PREPROCESSOR_DEFINITIONS = (
					"DEBUG=1",
					"$(inherited)",
				);
				GCC_WARN_64_TO_32_BIT_CONVERSION = YES;
				GCC_WARN_ABOUT_RETURN_TYPE = YES_ERROR;
				GCC_WARN_UNDECLARED_SELECTOR = YES;
				GCC_WARN_UNINITIALIZED_AUTOS = YES_AGGRESSIVE;
				GCC_WARN_UNUSED_FUNCTION = YES;
				GCC_WARN_UNUSED_VARIABLE = YES;
				MACOSX_DEPLOYMENT_TARGET = 11.3;
				MTL_ENABLE_DEBUG_INFO = INCLUDE_SOURCE;
				MTL_FAST_MATH = YES;
				ONLY_ACTIVE_ARCH = YES;
				SDKROOT = macosx;
				SWIFT_ACTIVE_COMPILATION_CONDITIONS = DEBUG;
				SWIFT_OPTIMIZATION_LEVEL = "-Onone";
			};
			name = Debug;
		};
		5225CD12268B067500B1AD3B /* Release */ = {
			isa = XCBuildConfiguration;
			buildSettings = {
				ALWAYS_SEARCH_USER_PATHS = NO;
				CLANG_ANALYZER_NONNULL = YES;
				CLANG_ANALYZER_NUMBER_OBJECT_CONVERSION = YES_AGGRESSIVE;
				CLANG_CXX_LANGUAGE_STANDARD = "gnu++14";
				CLANG_CXX_LIBRARY = "libc++";
				CLANG_ENABLE_MODULES = YES;
				CLANG_ENABLE_OBJC_ARC = YES;
				CLANG_ENABLE_OBJC_WEAK = YES;
				CLANG_WARN_BLOCK_CAPTURE_AUTORELEASING = YES;
				CLANG_WARN_BOOL_CONVERSION = YES;
				CLANG_WARN_COMMA = YES;
				CLANG_WARN_CONSTANT_CONVERSION = YES;
				CLANG_WARN_DEPRECATED_OBJC_IMPLEMENTATIONS = YES;
				CLANG_WARN_DIRECT_OBJC_ISA_USAGE = YES_ERROR;
				CLANG_WARN_DOCUMENTATION_COMMENTS = YES;
				CLANG_WARN_EMPTY_BODY = YES;
				CLANG_WARN_ENUM_CONVERSION = YES;
				CLANG_WARN_INFINITE_RECURSION = YES;
				CLANG_WARN_INT_CONVERSION = YES;
				CLANG_WARN_NON_LITERAL_NULL_CONVERSION = YES;
				CLANG_WARN_OBJC_IMPLICIT_RETAIN_SELF = YES;
				CLANG_WARN_OBJC_LITERAL_CONVERSION = YES;
				CLANG_WARN_OBJC_ROOT_CLASS = YES_ERROR;
				CLANG_WARN_QUOTED_INCLUDE_IN_FRAMEWORK_HEADER = YES;
				CLANG_WARN_RANGE_LOOP_ANALYSIS = YES;
				CLANG_WARN_STRICT_PROTOTYPES = YES;
				CLANG_WARN_SUSPICIOUS_MOVE = YES;
				CLANG_WARN_UNGUARDED_AVAILABILITY = YES_AGGRESSIVE;
				CLANG_WARN_UNREACHABLE_CODE = YES;
				CLANG_WARN__DUPLICATE_METHOD_MATCH = YES;
				COPY_PHASE_STRIP = NO;
				DEBUG_INFORMATION_FORMAT = "dwarf-with-dsym";
				ENABLE_NS_ASSERTIONS = NO;
				ENABLE_STRICT_OBJC_MSGSEND = YES;
				GCC_C_LANGUAGE_STANDARD = gnu11;
				GCC_NO_COMMON_BLOCKS = YES;
				GCC_WARN_64_TO_32_BIT_CONVERSION = YES;
				GCC_WARN_ABOUT_RETURN_TYPE = YES_ERROR;
				GCC_WARN_UNDECLARED_SELECTOR = YES;
				GCC_WARN_UNINITIALIZED_AUTOS = YES_AGGRESSIVE;
				GCC_WARN_UNUSED_FUNCTION = YES;
				GCC_WARN_UNUSED_VARIABLE = YES;
				MACOSX_DEPLOYMENT_TARGET = 11.3;
				MTL_ENABLE_DEBUG_INFO = NO;
				MTL_FAST_MATH = YES;
				SDKROOT = macosx;
				SWIFT_COMPILATION_MODE = wholemodule;
				SWIFT_OPTIMIZATION_LEVEL = "-O";
			};
			name = Release;
		};
		5225CD14268B067500B1AD3B /* Debug */ = {
			isa = XCBuildConfiguration;
			buildSettings = {
				CODE_SIGN_STYLE = Automatic;
				PRODUCT_NAME = "$(TARGET_NAME)";
				SWIFT_VERSION = 5.0;
			};
			name = Debug;
		};
		5225CD15268B067500B1AD3B /* Release */ = {
			isa = XCBuildConfiguration;
			buildSettings = {
				CODE_SIGN_STYLE = Automatic;
				PRODUCT_NAME = "$(TARGET_NAME)";
				SWIFT_VERSION = 5.0;
			};
			name = Release;
		};
/* End XCBuildConfiguration section */

/* Begin XCConfigurationList section */
		5225CD07268B067500B1AD3B /* Build configuration list for PBXProject "swiftLeetCode" */ = {
			isa = XCConfigurationList;
			buildConfigurations = (
				5225CD11268B067500B1AD3B /* Debug */,
				5225CD12268B067500B1AD3B /* Release */,
			);
			defaultConfigurationIsVisible = 0;
			defaultConfigurationName = Release;
		};
		5225CD13268B067500B1AD3B /* Build configuration list for PBXNativeTarget "swiftLeetCode" */ = {
			isa = XCConfigurationList;
			buildConfigurations = (
				5225CD14268B067500B1AD3B /* Debug */,
				5225CD15268B067500B1AD3B /* Release */,
			);
			defaultConfigurationIsVisible = 0;
			defaultConfigurationName = Release;
		};
/* End XCConfigurationList section */
	};
	rootObject = 5225CD04268B067500B1AD3B /* Project object */;
}
